// !$*UTF8*$!
{
	archiveVersion = 1;
	classes = {
	};
	objectVersion = 46;
	objects = {

/* Begin PBXBuildFile section */
		84F062321C8B013300D34B2E /* AppDelegate.swift in Sources */ = {isa = PBXBuildFile; fileRef = 84F062311C8B013300D34B2E /* AppDelegate.swift */; };
		84F062341C8B013300D34B2E /* ViewController.swift in Sources */ = {isa = PBXBuildFile; fileRef = 84F062331C8B013300D34B2E /* ViewController.swift */; };
		84F062371C8B013300D34B2E /* Main.storyboard in Resources */ = {isa = PBXBuildFile; fileRef = 84F062351C8B013300D34B2E /* Main.storyboard */; };
		84F062391C8B013300D34B2E /* Assets.xcassets in Resources */ = {isa = PBXBuildFile; fileRef = 84F062381C8B013300D34B2E /* Assets.xcassets */; };
		84F0623C1C8B013300D34B2E /* LaunchScreen.storyboard in Resources */ = {isa = PBXBuildFile; fileRef = 84F0623A1C8B013300D34B2E /* LaunchScreen.storyboard */; };
		84F062461C8B015B00D34B2E /* OCTest.m in Sources */ = {isa = PBXBuildFile; fileRef = 84F062451C8B015B00D34B2E /* OCTest.m */; };
/* End PBXBuildFile section */

/* Begin PBXFileReference section */
		84F0622E1C8B013300D34B2E /* 05.控制流.app */ = {isa = PBXFileReference; explicitFileType = wrapper.application; includeInIndex = 0; path = "05.控制流.app"; sourceTree = BUILT_PRODUCTS_DIR; };
		84F062311C8B013300D34B2E /* AppDelegate.swift */ = {isa = PBXFileReference; lastKnownFileType = sourcecode.swift; path = AppDelegate.swift; sourceTree = "<group>"; };
		84F062331C8B013300D34B2E /* ViewController.swift */ = {isa = PBXFileReference; lastKnownFileType = sourcecode.swift; path = ViewController.swift; sourceTree = "<group>"; };
		84F062361C8B013300D34B2E /* Base */ = {isa = PBXFileReference; lastKnownFileType = file.storyboard; name = Base; path = Base.lproj/Main.storyboard; sourceTree = "<group>"; };
		84F062381C8B013300D34B2E /* Assets.xcassets */ = {isa = PBXFileReference; lastKnownFileType = folder.assetcatalog; path = Assets.xcassets; sourceTree = "<group>"; };
		84F0623B1C8B013300D34B2E /* Base */ = {isa = PBXFileReference; lastKnownFileType = file.storyboard; name = Base; path = Base.lproj/LaunchScreen.storyboard; sourceTree = "<group>"; };
		84F0623D1C8B013300D34B2E /* Info.plist */ = {isa = PBXFileReference; lastKnownFileType = text.plist.xml; path = Info.plist; sourceTree = "<group>"; };
		84F062431C8B015A00D34B2E /* 05.控制流-Bridging-Header.h */ = {isa = PBXFileReference; lastKnownFileType = sourcecode.c.h; path = "05.控制流-Bridging-Header.h"; sourceTree = "<group>"; };
		84F062441C8B015B00D34B2E /* OCTest.h */ = {isa = PBXFileReference; fileEncoding = 4; lastKnownFileType = sourcecode.c.h; path = OCTest.h; sourceTree = "<group>"; };
		84F062451C8B015B00D34B2E /* OCTest.m */ = {isa = PBXFileReference; fileEncoding = 4; lastKnownFileType = sourcecode.c.objc; path = OCTest.m; sourceTree = "<group>"; };
/* End PBXFileReference section */

/* Begin PBXFrameworksBuildPhase section */
		84F0622B1C8B013300D34B2E /* Frameworks */ = {
			isa = PBXFrameworksBuildPhase;
			buildActionMask = 2147483647;
			files = (
			);
			runOnlyForDeploymentPostprocessing = 0;
		};
/* End PBXFrameworksBuildPhase section */

/* Begin PBXGroup section */
		84F062251C8B013300D34B2E = {
			isa = PBXGroup;
			children = (
				84F062301C8B013300D34B2E /* 05.控制流 */,
				84F0622F1C8B013300D34B2E /* Products */,
			);
			sourceTree = "<group>";
		};
		84F0622F1C8B013300D34B2E /* Products */ = {
			isa = PBXGroup;
			children = (
				84F0622E1C8B013300D34B2E /* 05.控制流.app */,
			);
			name = Products;
			sourceTree = "<group>";
		};
		84F062301C8B013300D34B2E /* 05.控制流 */ = {
			isa = PBXGroup;
			children = (
				84F062311C8B013300D34B2E /* AppDelegate.swift */,
				84F062331C8B013300D34B2E /* ViewController.swift */,
				84F062441C8B015B00D34B2E /* OCTest.h */,
				84F062451C8B015B00D34B2E /* OCTest.m */,
				84F062351C8B013300D34B2E /* Main.storyboard */,
				84F062381C8B013300D34B2E /* Assets.xcassets */,
				84F0623A1C8B013300D34B2E /* LaunchScreen.storyboard */,
				84F0623D1C8B013300D34B2E /* Info.plist */,
				84F062431C8B015A00D34B2E /* 05.控制流-Bridging-Header.h */,
			);
			path = "05.控制流";
			sourceTree = "<group>";
		};
/* End PBXGroup section */

/* Begin PBXNativeTarget section */
		84F0622D1C8B013300D34B2E /* 05.控制流 */ = {
			isa = PBXNativeTarget;
			buildConfigurationList = 84F062401C8B013300D34B2E /* Build configuration list for PBXNativeTarget "05.控制流" */;
			buildPhases = (
				84F0622A1C8B013300D34B2E /* Sources */,
				84F0622B1C8B013300D34B2E /* Frameworks */,
				84F0622C1C8B013300D34B2E /* Resources */,
			);
			buildRules = (
			);
			dependencies = (
			);
			name = "05.控制流";
			productName = "05.控制流";
			productReference = 84F0622E1C8B013300D34B2E /* 05.控制流.app */;
			productType = "com.apple.product-type.application";
		};
/* End PBXNativeTarget section */

/* Begin PBXProject section */
		84F062261C8B013300D34B2E /* Project object */ = {
			isa = PBXProject;
			attributes = {
				LastSwiftUpdateCheck = 0720;
				LastUpgradeCheck = 0720;
				ORGANIZATIONNAME = y;
				TargetAttributes = {
					84F0622D1C8B013300D34B2E = {
						CreatedOnToolsVersion = 7.2.1;
					};
				};
			};
			buildConfigurationList = 84F062291C8B013300D34B2E /* Build configuration list for PBXProject "05.控制流" */;
			compatibilityVersion = "Xcode 3.2";
			developmentRegion = English;
			hasScannedForEncodings = 0;
			knownRegions = (
				en,
				Base,
			);
			mainGroup = 84F062251C8B013300D34B2E;
			productRefGroup = 84F0622F1C8B013300D34B2E /* Products */;
			projectDirPath = "";
			projectRoot = "";
			targets = (
				84F0622D1C8B013300D34B2E /* 05.控制流 */,
			);
		};
/* End PBXProject section */

/* Begin PBXResourcesBuildPhase section */
		84F0622C1C8B013300D34B2E /* Resources */ = {
			isa = PBXResourcesBuildPhase;
			buildActionMask = 2147483647;
			files = (
				84F0623C1C8B013300D34B2E /* LaunchScreen.storyboard in Resources */,
				84F062391C8B013300D34B2E /* Assets.xcassets in Resources */,
				84F062371C8B013300D34B2E /* Main.storyboard in Resources */,
			);
			runOnlyForDeploymentPostprocessing = 0;
		};
/* End PBXResourcesBuildPhase section */

/* Begin PBXSourcesBuildPhase section */
		84F0622A1C8B013300D34B2E /* Sources */ = {
			isa = PBXSourcesBuildPhase;
			buildActionMask = 2147483647;
			files = (
				84F062341C8B013300D34B2E /* ViewController.swift in Sources */,
				84F062461C8B015B00D34B2E /* OCTest.m in Sources */,
				84F062321C8B013300D34B2E /* AppDelegate.swift in Sources */,
			);
			runOnlyForDeploymentPostprocessing = 0;
		};
/* End PBXSourcesBuildPhase section */

/* Begin PBXVariantGroup section */
		84F062351C8B013300D34B2E /* Main.storyboard */ = {
			isa = PBXVariantGroup;
			children = (
				84F062361C8B013300D34B2E /* Base */,
			);
			name = Main.storyboard;
			sourceTree = "<group>";
		};
		84F0623A1C8B013300D34B2E /* LaunchScreen.storyboard */ = {
			isa = PBXVariantGroup;
			children = (
				84F0623B1C8B013300D34B2E /* Base */,
			);
			name = LaunchScreen.storyboard;
			sourceTree = "<group>";
		};
/* End PBXVariantGroup section */

/* Begin XCBuildConfiguration section */
		84F0623E1C8B013300D34B2E /* Debug */ = {
			isa = XCBuildConfiguration;
			buildSettings = {
				ALWAYS_SEARCH_USER_PATHS = NO;
				CLANG_CXX_LANGUAGE_STANDARD = "gnu++0x";
				CLANG_CXX_LIBRARY = "libc++";
				CLANG_ENABLE_MODULES = YES;
				CLANG_ENABLE_OBJC_ARC = YES;
				CLANG_WARN_BOOL_CONVERSION = YES;
				CLANG_WARN_CONSTANT_CONVERSION = YES;
				CLANG_WARN_DIRECT_OBJC_ISA_USAGE = YES_ERROR;
				CLANG_WARN_EMPTY_BODY = YES;
				CLANG_WARN_ENUM_CONVERSION = YES;
				CLANG_WARN_INT_CONVERSION = YES;
				CLANG_WARN_OBJC_ROOT_CLASS = YES_ERROR;
				CLANG_WARN_UNREACHABLE_CODE = YES;
				CLANG_WARN__DUPLICATE_METHOD_MATCH = YES;
				"CODE_SIGN_IDENTITY[sdk=iphoneos*]" = "iPhone Developer";
				COPY_PHASE_STRIP = NO;
				DEBUG_INFORMATION_FORMAT = dwarf;
				ENABLE_STRICT_OBJC_MSGSEND = YES;
				ENABLE_TESTABILITY = YES;
				GCC_C_LANGUAGE_STANDARD = gnu99;
				GCC_DYNAMIC_NO_PIC = NO;
				GCC_NO_COMMON_BLOCKS = YES;
				GCC_OPTIMIZATION_LEVEL = 0;
				GCC_PREPROCESSOR_DEFINITIONS = (
					"DEBUG=1",
					"$(inherited)",
				);
				GCC_WARN_64_TO_32_BIT_CONVERSION = YES;
				GCC_WARN_ABOUT_RETURN_TYPE = YES_ERROR;
				GCC_WARN_UNDECLARED_SELECTOR = YES;
				GCC_WARN_UNINITIALIZED_AUTOS = YES_AGGRESSIVE;
				GCC_WARN_UNUSED_FUNCTION = YES;
				GCC_WARN_UNUSED_VARIABLE = YES;
				IPHONEOS_DEPLOYMENT_TARGET = 9.2;
				MTL_ENABLE_DEBUG_INFO = YES;
				ONLY_ACTIVE_ARCH = YES;
				SDKROOT = iphoneos;
				SWIFT_OPTIMIZATION_LEVEL = "-Onone";
			};
			name = Debug;
		};
		84F0623F1C8B013300D34B2E /* Release */ = {
			isa = XCBuildConfiguration;
			buildSettings = {
				ALWAYS_SEARCH_USER_PATHS = NO;
				CLANG_CXX_LANGUAGE_STANDARD = "gnu++0x";
				CLANG_CXX_LIBRARY = "libc++";
				CLANG_ENABLE_MODULES = YES;
				CLANG_ENABLE_OBJC_ARC = YES;
				CLANG_WARN_BOOL_CONVERSION = YES;
				CLANG_WARN_CONSTANT_CONVERSION = YES;
				CLANG_WARN_DIRECT_OBJC_ISA_USAGE = YES_ERROR;
				CLANG_WARN_EMPTY_BODY = YES;
				CLANG_WARN_ENUM_CONVERSION = YES;
				CLANG_WARN_INT_CONVERSION = YES;
				CLANG_WARN_OBJC_ROOT_CLASS = YES_ERROR;
				CLANG_WARN_UNREACHABLE_CODE = YES;
				CLANG_WARN__DUPLICATE_METHOD_MATCH = YES;
				"CODE_SIGN_IDENTITY[sdk=iphoneos*]" = "iPhone Developer";
				COPY_PHASE_STRIP = NO;
				DEBUG_INFORMATION_FORMAT = "dwarf-with-dsym";
				ENABLE_NS_ASSERTIONS = NO;
				ENABLE_STRICT_OBJC_MSGSEND = YES;
				GCC_C_LANGUAGE_STANDARD = gnu99;
				GCC_NO_COMMON_BLOCKS = YES;
				GCC_WARN_64_TO_32_BIT_CONVERSION = YES;
				GCC_WARN_ABOUT_RETURN_TYPE = YES_ERROR;
				GCC_WARN_UNDECLARED_SELECTOR = YES;
				GCC_WARN_UNINITIALIZED_AUTOS = YES_AGGRESSIVE;
				GCC_WARN_UNUSED_FUNCTION = YES;
				GCC_WARN_UNUSED_VARIABLE = YES;
				IPHONEOS_DEPLOYMENT_TARGET = 9.2;
				MTL_ENABLE_DEBUG_INFO = NO;
				SDKROOT = iphoneos;
				VALIDATE_PRODUCT = YES;
			};
			name = Release;
		};
		84F062411C8B013300D34B2E /* Debug */ = {
			isa = XCBuildConfiguration;
			buildSettings = {
				ASSETCATALOG_COMPILER_APPICON_NAME = AppIcon;
				CLANG_ENABLE_MODULES = YES;
				INFOPLIST_FILE = "05.控制流/Info.plist";
				LD_RUNPATH_SEARCH_PATHS = "$(inherited) @executable_path/Frameworks";
				PRODUCT_BUNDLE_IDENTIFIER = "com.y.-5----";
				PRODUCT_NAME = "$(TARGET_NAME)";
				SWIFT_OBJC_BRIDGING_HEADER = "05.控制流/05.控制流-Bridging-Header.h";
				SWIFT_OPTIMIZATION_LEVEL = "-Onone";
			};
			name = Debug;
		};
		84F062421C8B013300D34B2E /* Release */ = {
			isa = XCBuildConfiguration;
			buildSettings = {
				ASSETCATALOG_COMPILER_APPICON_NAME = AppIcon;
				CLANG_ENABLE_MODULES = YES;
				INFOPLIST_FILE = "05.控制流/Info.plist";
				LD_RUNPATH_SEARCH_PATHS = "$(inherited) @executable_path/Frameworks";
				PRODUCT_BUNDLE_IDENTIFIER = "com.y.-5----";
				PRODUCT_NAME = "$(TARGET_NAME)";
				SWIFT_OBJC_BRIDGING_HEADER = "05.控制流/05.控制流-Bridging-Header.h";
			};
			name = Release;
		};
/* End XCBuildConfiguration section */

/* Begin XCConfigurationList section */
		84F062291C8B013300D34B2E /* Build configuration list for PBXProject "05.控制流" */ = {
			isa = XCConfigurationList;
			buildConfigurations = (
				84F0623E1C8B013300D34B2E /* Debug */,
				84F0623F1C8B013300D34B2E /* Release */,
			);
			defaultConfigurationIsVisible = 0;
			defaultConfigurationName = Release;
		};
		84F062401C8B013300D34B2E /* Build configuration list for PBXNativeTarget "05.控制流" */ = {
			isa = XCConfigurationList;
			buildConfigurations = (
				84F062411C8B013300D34B2E /* Debug */,
				84F062421C8B013300D34B2E /* Release */,
			);
			defaultConfigurationIsVisible = 0;
		};
/* End XCConfigurationList section */
	};
	rootObject = 84F062261C8B013300D34B2E /* Project object */;
}
